
Microsoft Visual Studio Solution File, Format Version 12.00
# Visual Studio Version 17
VisualStudioVersion = 17.8.34309.116
MinimumVisualStudioVersion = 10.0.40219.1
Project("{FAE04EC0-301F-11D3-BF4B-00C04F79EFBC}") = "prolab-pr2", "prolab-pr2\prolab-pr2.csproj", "{CC34FB9D-D8EC-4258-A6DE-1AB13CA6A51E}"
EndProject
Global
	GlobalSection(SolutionConfigurationPlatforms) = preSolution
		Debug|Any CPU = Debug|Any CPU
		Release|Any CPU = Release|Any CPU
	EndGlobalSection
	GlobalSection(ProjectConfigurationPlatforms) = postSolution
		{CC34FB9D-D8EC-4258-A6DE-1AB13CA6A51E}.Debug|Any CPU.ActiveCfg = Debug|Any CPU
		{CC34FB9D-D8EC-4258-A6DE-1AB13CA6A51E}.Debug|Any CPU.Build.0 = Debug|Any CPU
		{CC34FB9D-D8EC-4258-A6DE-1AB13CA6A51E}.Release|Any CPU.ActiveCfg = Release|Any CPU
		{CC34FB9D-D8EC-4258-A6DE-1AB13CA6A51E}.Release|Any CPU.Build.0 = Release|Any CPU
	EndGlobalSection
	GlobalSection(SolutionProperties) = preSolution
		HideSolutionNode = FALSE
	EndGlobalSection
	GlobalSection(ExtensibilityGlobals) = postSolution
		SolutionGuid = {4D949DEA-FDE9-4A9B-8E11-EE8ECA7BE7BB}
	EndGlobalSection
EndGlobal
